# This file is automatically @generated by Cargo.
# It is not intended for manual editing.
version = 4

[[package]]
name = "hexaloom"
version = "0.1.0"
dependencies = [
 "hexaloom-syntax",
]

[[package]]
name = "hexaloom-cli"
version = "0.1.0"
dependencies = [
 "hexaloom",
 "hexaloom-interpreter",
 "hexaloom-lsp",
]

[[package]]
name = "hexaloom-interpreter"
version = "0.1.0"
dependencies = [
 "hexaloom",
]

[[package]]
name = "hexaloom-lsp"
version = "0.1.0"
dependencies = [
 "hexaloom",
]

[[package]]
name = "hexaloom-syntax"
version = "0.1.0"
